
Microsoft Visual Studio Solution File, Format Version 12.00
# Visual Studio Version 17
VisualStudioVersion = 17.1.32210.238
MinimumVisualStudioVersion = 10.0.40219.1
Project("{2150E333-8FDC-42A3-9474-1A3956D46DE8}") = "src", "src", "{6273CD61-EECD-4A84-83C2-2CB430386B80}"
EndProject
Project("{9A19103F-16F7-4668-BE54-9A1E7A4F7556}") = "Kurisu.AspNetCore", "Kurisu.AspNetCore\Kurisu.AspNetCore.csproj", "{CF451480-7453-4A37-AF43-766EC859470C}"
EndProject
Project("{2150E333-8FDC-42A3-9474-1A3956D46DE8}") = "test", "test", "{D1E2CE4D-D97A-4C04-BE47-3A2B4187784B}"
EndProject
Project("{9A19103F-16F7-4668-BE54-9A1E7A4F7556}") = "Kurisu.Test.Framework.Configurations", "Kurisu.Test.Framework.Configurations\Kurisu.Test.Framework.Configurations.csproj", "{A1F974B2-A586-4023-9476-6E84062E66E8}"
EndProject
Project("{9A19103F-16F7-4668-BE54-9A1E7A4F7556}") = "Kurisu.Test.Framework.CurrentUserResolver", "Kurisu.Test.Framework.CurrentUserResolver\Kurisu.Test.Framework.CurrentUserResolver.csproj", "{D4B73BFE-7BC1-428D-8E0F-6A2F3BE2BE9C}"
EndProject
Project("{9A19103F-16F7-4668-BE54-9A1E7A4F7556}") = "Kurisu.Test.Framework.DI", "Kurisu.Test.Framework.DI\Kurisu.Test.Framework.DI.csproj", "{D697E0BF-DD2D-40F8-9797-E563F33A851D}"
EndProject
Project("{9A19103F-16F7-4668-BE54-9A1E7A4F7556}") = "Kurisu.Test.WebApi-A", "Kurisu.Test.WebApi-A\Kurisu.Test.WebApi-A.csproj", "{CB0AA05C-3EA9-4C58-9301-7BAAE7D7423B}"
EndProject
Project("{9A19103F-16F7-4668-BE54-9A1E7A4F7556}") = "Kurisu.EFSharding", "Kurisu.EFSharding\Kurisu.EFSharding.csproj", "{ADF331F3-F11B-4560-ABFA-E633794BC42B}"
EndProject
Project("{9A19103F-16F7-4668-BE54-9A1E7A4F7556}") = "Kurisu.Test.Console", "Kurisu.Test.Console\Kurisu.Test.Console.csproj", "{1DAAF66E-82F9-4C2A-AD36-604AD1174C39}"
EndProject
Project("{9A19103F-16F7-4668-BE54-9A1E7A4F7556}") = "Kurisu.Core", "Kurisu.Core\Kurisu.Core.csproj", "{74C824A4-F59E-42F6-8E8A-6D0A05F9AA32}"
EndProject
Project("{9A19103F-16F7-4668-BE54-9A1E7A4F7556}") = "Kurisu.RemoteCall", "Kurisu.RemoteCall\Kurisu.RemoteCall.csproj", "{2A4FEBE8-0698-4AF8-A44E-D0268BACAA88}"
EndProject
Project("{2150E333-8FDC-42A3-9474-1A3956D46DE8}") = "demo", "demo", "{33CE951A-78DA-442D-90CC-49F1D754E50A}"
EndProject
Project("{9A19103F-16F7-4668-BE54-9A1E7A4F7556}") = "Kurisu.SqlSugar", "Kurisu.SqlSugar\Kurisu.SqlSugar.csproj", "{098C9179-6065-4766-B158-70194E1A59BE}"
EndProject
Global
	GlobalSection(SolutionConfigurationPlatforms) = preSolution
		Debug|Any CPU = Debug|Any CPU
		Release|Any CPU = Release|Any CPU
	EndGlobalSection
	GlobalSection(ProjectConfigurationPlatforms) = postSolution
		{CF451480-7453-4A37-AF43-766EC859470C}.Debug|Any CPU.ActiveCfg = Debug|Any CPU
		{CF451480-7453-4A37-AF43-766EC859470C}.Debug|Any CPU.Build.0 = Debug|Any CPU
		{CF451480-7453-4A37-AF43-766EC859470C}.Release|Any CPU.ActiveCfg = Release|Any CPU
		{CF451480-7453-4A37-AF43-766EC859470C}.Release|Any CPU.Build.0 = Release|Any CPU
		{A1F974B2-A586-4023-9476-6E84062E66E8}.Debug|Any CPU.ActiveCfg = Debug|Any CPU
		{A1F974B2-A586-4023-9476-6E84062E66E8}.Debug|Any CPU.Build.0 = Debug|Any CPU
		{A1F974B2-A586-4023-9476-6E84062E66E8}.Release|Any CPU.ActiveCfg = Release|Any CPU
		{A1F974B2-A586-4023-9476-6E84062E66E8}.Release|Any CPU.Build.0 = Release|Any CPU
		{D4B73BFE-7BC1-428D-8E0F-6A2F3BE2BE9C}.Debug|Any CPU.ActiveCfg = Debug|Any CPU
		{D4B73BFE-7BC1-428D-8E0F-6A2F3BE2BE9C}.Debug|Any CPU.Build.0 = Debug|Any CPU
		{D4B73BFE-7BC1-428D-8E0F-6A2F3BE2BE9C}.Release|Any CPU.ActiveCfg = Release|Any CPU
		{D4B73BFE-7BC1-428D-8E0F-6A2F3BE2BE9C}.Release|Any CPU.Build.0 = Release|Any CPU
		{D697E0BF-DD2D-40F8-9797-E563F33A851D}.Debug|Any CPU.ActiveCfg = Debug|Any CPU
		{D697E0BF-DD2D-40F8-9797-E563F33A851D}.Debug|Any CPU.Build.0 = Debug|Any CPU
		{D697E0BF-DD2D-40F8-9797-E563F33A851D}.Release|Any CPU.ActiveCfg = Release|Any CPU
		{D697E0BF-DD2D-40F8-9797-E563F33A851D}.Release|Any CPU.Build.0 = Release|Any CPU
		{CB0AA05C-3EA9-4C58-9301-7BAAE7D7423B}.Debug|Any CPU.ActiveCfg = Debug|Any CPU
		{CB0AA05C-3EA9-4C58-9301-7BAAE7D7423B}.Debug|Any CPU.Build.0 = Debug|Any CPU
		{CB0AA05C-3EA9-4C58-9301-7BAAE7D7423B}.Release|Any CPU.ActiveCfg = Release|Any CPU
		{CB0AA05C-3EA9-4C58-9301-7BAAE7D7423B}.Release|Any CPU.Build.0 = Release|Any CPU
		{ADF331F3-F11B-4560-ABFA-E633794BC42B}.Debug|Any CPU.ActiveCfg = Debug|Any CPU
		{ADF331F3-F11B-4560-ABFA-E633794BC42B}.Debug|Any CPU.Build.0 = Debug|Any CPU
		{ADF331F3-F11B-4560-ABFA-E633794BC42B}.Release|Any CPU.ActiveCfg = Release|Any CPU
		{ADF331F3-F11B-4560-ABFA-E633794BC42B}.Release|Any CPU.Build.0 = Release|Any CPU
		{1DAAF66E-82F9-4C2A-AD36-604AD1174C39}.Debug|Any CPU.ActiveCfg = Debug|Any CPU
		{1DAAF66E-82F9-4C2A-AD36-604AD1174C39}.Debug|Any CPU.Build.0 = Debug|Any CPU
		{1DAAF66E-82F9-4C2A-AD36-604AD1174C39}.Release|Any CPU.ActiveCfg = Release|Any CPU
		{1DAAF66E-82F9-4C2A-AD36-604AD1174C39}.Release|Any CPU.Build.0 = Release|Any CPU
		{74C824A4-F59E-42F6-8E8A-6D0A05F9AA32}.Debug|Any CPU.ActiveCfg = Debug|Any CPU
		{74C824A4-F59E-42F6-8E8A-6D0A05F9AA32}.Debug|Any CPU.Build.0 = Debug|Any CPU
		{74C824A4-F59E-42F6-8E8A-6D0A05F9AA32}.Release|Any CPU.ActiveCfg = Release|Any CPU
		{74C824A4-F59E-42F6-8E8A-6D0A05F9AA32}.Release|Any CPU.Build.0 = Release|Any CPU
		{2A4FEBE8-0698-4AF8-A44E-D0268BACAA88}.Debug|Any CPU.ActiveCfg = Debug|Any CPU
		{2A4FEBE8-0698-4AF8-A44E-D0268BACAA88}.Debug|Any CPU.Build.0 = Debug|Any CPU
		{2A4FEBE8-0698-4AF8-A44E-D0268BACAA88}.Release|Any CPU.ActiveCfg = Release|Any CPU
		{2A4FEBE8-0698-4AF8-A44E-D0268BACAA88}.Release|Any CPU.Build.0 = Release|Any CPU
		{098C9179-6065-4766-B158-70194E1A59BE}.Debug|Any CPU.ActiveCfg = Debug|Any CPU
		{098C9179-6065-4766-B158-70194E1A59BE}.Debug|Any CPU.Build.0 = Debug|Any CPU
		{098C9179-6065-4766-B158-70194E1A59BE}.Release|Any CPU.ActiveCfg = Release|Any CPU
		{098C9179-6065-4766-B158-70194E1A59BE}.Release|Any CPU.Build.0 = Release|Any CPU
	EndGlobalSection
	GlobalSection(SolutionProperties) = preSolution
		HideSolutionNode = FALSE
	EndGlobalSection
	GlobalSection(NestedProjects) = preSolution
		{CF451480-7453-4A37-AF43-766EC859470C} = {6273CD61-EECD-4A84-83C2-2CB430386B80}
		{A1F974B2-A586-4023-9476-6E84062E66E8} = {D1E2CE4D-D97A-4C04-BE47-3A2B4187784B}
		{D4B73BFE-7BC1-428D-8E0F-6A2F3BE2BE9C} = {D1E2CE4D-D97A-4C04-BE47-3A2B4187784B}
		{D697E0BF-DD2D-40F8-9797-E563F33A851D} = {D1E2CE4D-D97A-4C04-BE47-3A2B4187784B}
		{CB0AA05C-3EA9-4C58-9301-7BAAE7D7423B} = {33CE951A-78DA-442D-90CC-49F1D754E50A}
		{ADF331F3-F11B-4560-ABFA-E633794BC42B} = {6273CD61-EECD-4A84-83C2-2CB430386B80}
		{1DAAF66E-82F9-4C2A-AD36-604AD1174C39} = {D1E2CE4D-D97A-4C04-BE47-3A2B4187784B}
		{74C824A4-F59E-42F6-8E8A-6D0A05F9AA32} = {6273CD61-EECD-4A84-83C2-2CB430386B80}
		{2A4FEBE8-0698-4AF8-A44E-D0268BACAA88} = {6273CD61-EECD-4A84-83C2-2CB430386B80}
		{098C9179-6065-4766-B158-70194E1A59BE} = {6273CD61-EECD-4A84-83C2-2CB430386B80}
	EndGlobalSection
	GlobalSection(ExtensibilityGlobals) = postSolution
		SolutionGuid = {A5C47A14-B996-4828-919A-EB6F1E544959}
	EndGlobalSection
EndGlobal
