
Microsoft Visual Studio Solution File, Format Version 12.00
# Visual Studio Version 17
VisualStudioVersion = 17.1.32210.238
MinimumVisualStudioVersion = 10.0.40219.1
Project("{2150E333-8FDC-42A3-9474-1A3956D46DE8}") = "src", "src", "{6273CD61-EECD-4A84-83C2-2CB430386B80}"
EndProject
Project("{2150E333-8FDC-42A3-9474-1A3956D46DE8}") = "test", "test", "{D1E2CE4D-D97A-4C04-BE47-3A2B4187784B}"
EndProject
Project("{2150E333-8FDC-42A3-9474-1A3956D46DE8}") = "demo", "demo", "{33CE951A-78DA-442D-90CC-49F1D754E50A}"
EndProject
Project("{9A19103F-16F7-4668-BE54-9A1E7A4F7556}") = "Kurisu.Test.WebApi-A", "demo\Kurisu.Test.WebApi-A\Kurisu.Test.WebApi-A.csproj", "{7818A8E6-80BC-4ADA-BB7E-AEF52DA1D570}"
EndProject
Project("{9A19103F-16F7-4668-BE54-9A1E7A4F7556}") = "Kurisu.AspNetCore", "src\Kurisu.AspNetCore\Kurisu.AspNetCore.csproj", "{1AB897DB-F408-4EA6-8789-7F8BF24FA0D6}"
EndProject
Project("{9A19103F-16F7-4668-BE54-9A1E7A4F7556}") = "Kurisu.Aspect", "src\Kurisu.Aspect\Kurisu.Aspect.csproj", "{AE57F67F-AD48-4438-B7D6-BE7196328FD5}"
EndProject
Project("{FAE04EC0-301F-11D3-BF4B-00C04F79EFBC}") = "Kurisu.Test.Framework.DependencyInjection", "test\Kurisu.Test.Framework.DependencyInjection\Kurisu.Test.Framework.DependencyInjection.csproj", "{106C128A-97C6-4906-8A72-B3C1405D75F8}"
EndProject
Project("{FAE04EC0-301F-11D3-BF4B-00C04F79EFBC}") = "Kurisu.Test.Console", "test\Kurisu.Test.Console\Kurisu.Test.Console.csproj", "{207F7991-2F8D-4CCD-B318-21AF624D0783}"
EndProject
Project("{FAE04EC0-301F-11D3-BF4B-00C04F79EFBC}") = "Kurisu.Test.Framework.Authentication", "test\Kurisu.Test.Framework.Authentication\Kurisu.Test.Framework.Authentication.csproj", "{A1F92009-F740-4C66-92D0-849D350D8C55}"
EndProject
Project("{FAE04EC0-301F-11D3-BF4B-00C04F79EFBC}") = "Kurisu.Test.Framework.Configurations", "test\Kurisu.Test.Framework.Configurations\Kurisu.Test.Framework.Configurations.csproj", "{33E5B838-8D1D-499A-8629-D9861356D5B5}"
EndProject
Project("{FAE04EC0-301F-11D3-BF4B-00C04F79EFBC}") = "Kurisu.Test.DataProtection", "test\Kurisu.Test.DataProtection\Kurisu.Test.DataProtection.csproj", "{720054D0-AF45-4AD2-88EA-659F5663A069}"
EndProject
Project("{FAE04EC0-301F-11D3-BF4B-00C04F79EFBC}") = "Kurisu.Test.DataAccess", "test\Kurisu.Test.DataAccess\Kurisu.Test.DataAccess.csproj", "{E0C1616C-AF10-4D53-8B67-7D955D01D7BE}"
EndProject
Project("{FAE04EC0-301F-11D3-BF4B-00C04F79EFBC}") = "Kurisu.Test.HelperClass", "test\Kurisu.Test.HelperClass\Kurisu.Test.HelperClass.csproj", "{86006FC9-A76E-4C66-8E73-BF0802ECACDC}"
EndProject
Global
	GlobalSection(SolutionConfigurationPlatforms) = preSolution
		Debug|Any CPU = Debug|Any CPU
		Release|Any CPU = Release|Any CPU
	EndGlobalSection
	GlobalSection(ProjectConfigurationPlatforms) = postSolution
		{7818A8E6-80BC-4ADA-BB7E-AEF52DA1D570}.Debug|Any CPU.ActiveCfg = Debug|Any CPU
		{7818A8E6-80BC-4ADA-BB7E-AEF52DA1D570}.Debug|Any CPU.Build.0 = Debug|Any CPU
		{7818A8E6-80BC-4ADA-BB7E-AEF52DA1D570}.Release|Any CPU.ActiveCfg = Release|Any CPU
		{7818A8E6-80BC-4ADA-BB7E-AEF52DA1D570}.Release|Any CPU.Build.0 = Release|Any CPU
		{1AB897DB-F408-4EA6-8789-7F8BF24FA0D6}.Debug|Any CPU.ActiveCfg = Debug|Any CPU
		{1AB897DB-F408-4EA6-8789-7F8BF24FA0D6}.Debug|Any CPU.Build.0 = Debug|Any CPU
		{1AB897DB-F408-4EA6-8789-7F8BF24FA0D6}.Release|Any CPU.ActiveCfg = Release|Any CPU
		{1AB897DB-F408-4EA6-8789-7F8BF24FA0D6}.Release|Any CPU.Build.0 = Release|Any CPU
		{AE57F67F-AD48-4438-B7D6-BE7196328FD5}.Debug|Any CPU.ActiveCfg = Debug|Any CPU
		{AE57F67F-AD48-4438-B7D6-BE7196328FD5}.Debug|Any CPU.Build.0 = Debug|Any CPU
		{AE57F67F-AD48-4438-B7D6-BE7196328FD5}.Release|Any CPU.ActiveCfg = Release|Any CPU
		{AE57F67F-AD48-4438-B7D6-BE7196328FD5}.Release|Any CPU.Build.0 = Release|Any CPU
		{106C128A-97C6-4906-8A72-B3C1405D75F8}.Debug|Any CPU.ActiveCfg = Debug|Any CPU
		{106C128A-97C6-4906-8A72-B3C1405D75F8}.Debug|Any CPU.Build.0 = Debug|Any CPU
		{106C128A-97C6-4906-8A72-B3C1405D75F8}.Release|Any CPU.ActiveCfg = Release|Any CPU
		{106C128A-97C6-4906-8A72-B3C1405D75F8}.Release|Any CPU.Build.0 = Release|Any CPU
		{207F7991-2F8D-4CCD-B318-21AF624D0783}.Debug|Any CPU.ActiveCfg = Debug|Any CPU
		{207F7991-2F8D-4CCD-B318-21AF624D0783}.Debug|Any CPU.Build.0 = Debug|Any CPU
		{207F7991-2F8D-4CCD-B318-21AF624D0783}.Release|Any CPU.ActiveCfg = Release|Any CPU
		{207F7991-2F8D-4CCD-B318-21AF624D0783}.Release|Any CPU.Build.0 = Release|Any CPU
		{A1F92009-F740-4C66-92D0-849D350D8C55}.Debug|Any CPU.ActiveCfg = Debug|Any CPU
		{A1F92009-F740-4C66-92D0-849D350D8C55}.Debug|Any CPU.Build.0 = Debug|Any CPU
		{A1F92009-F740-4C66-92D0-849D350D8C55}.Release|Any CPU.ActiveCfg = Release|Any CPU
		{A1F92009-F740-4C66-92D0-849D350D8C55}.Release|Any CPU.Build.0 = Release|Any CPU
		{33E5B838-8D1D-499A-8629-D9861356D5B5}.Debug|Any CPU.ActiveCfg = Debug|Any CPU
		{33E5B838-8D1D-499A-8629-D9861356D5B5}.Debug|Any CPU.Build.0 = Debug|Any CPU
		{33E5B838-8D1D-499A-8629-D9861356D5B5}.Release|Any CPU.ActiveCfg = Release|Any CPU
		{33E5B838-8D1D-499A-8629-D9861356D5B5}.Release|Any CPU.Build.0 = Release|Any CPU
		{720054D0-AF45-4AD2-88EA-659F5663A069}.Debug|Any CPU.ActiveCfg = Debug|Any CPU
		{720054D0-AF45-4AD2-88EA-659F5663A069}.Debug|Any CPU.Build.0 = Debug|Any CPU
		{720054D0-AF45-4AD2-88EA-659F5663A069}.Release|Any CPU.ActiveCfg = Release|Any CPU
		{720054D0-AF45-4AD2-88EA-659F5663A069}.Release|Any CPU.Build.0 = Release|Any CPU
		{E0C1616C-AF10-4D53-8B67-7D955D01D7BE}.Debug|Any CPU.ActiveCfg = Debug|Any CPU
		{E0C1616C-AF10-4D53-8B67-7D955D01D7BE}.Debug|Any CPU.Build.0 = Debug|Any CPU
		{E0C1616C-AF10-4D53-8B67-7D955D01D7BE}.Release|Any CPU.ActiveCfg = Release|Any CPU
		{E0C1616C-AF10-4D53-8B67-7D955D01D7BE}.Release|Any CPU.Build.0 = Release|Any CPU
		{86006FC9-A76E-4C66-8E73-BF0802ECACDC}.Debug|Any CPU.ActiveCfg = Debug|Any CPU
		{86006FC9-A76E-4C66-8E73-BF0802ECACDC}.Debug|Any CPU.Build.0 = Debug|Any CPU
		{86006FC9-A76E-4C66-8E73-BF0802ECACDC}.Release|Any CPU.ActiveCfg = Release|Any CPU
		{86006FC9-A76E-4C66-8E73-BF0802ECACDC}.Release|Any CPU.Build.0 = Release|Any CPU
	EndGlobalSection
	GlobalSection(SolutionProperties) = preSolution
		HideSolutionNode = FALSE
	EndGlobalSection
	GlobalSection(NestedProjects) = preSolution
		{7818A8E6-80BC-4ADA-BB7E-AEF52DA1D570} = {33CE951A-78DA-442D-90CC-49F1D754E50A}
		{1AB897DB-F408-4EA6-8789-7F8BF24FA0D6} = {6273CD61-EECD-4A84-83C2-2CB430386B80}
		{AE57F67F-AD48-4438-B7D6-BE7196328FD5} = {6273CD61-EECD-4A84-83C2-2CB430386B80}
		{106C128A-97C6-4906-8A72-B3C1405D75F8} = {D1E2CE4D-D97A-4C04-BE47-3A2B4187784B}
		{207F7991-2F8D-4CCD-B318-21AF624D0783} = {D1E2CE4D-D97A-4C04-BE47-3A2B4187784B}
		{A1F92009-F740-4C66-92D0-849D350D8C55} = {D1E2CE4D-D97A-4C04-BE47-3A2B4187784B}
		{33E5B838-8D1D-499A-8629-D9861356D5B5} = {D1E2CE4D-D97A-4C04-BE47-3A2B4187784B}
		{720054D0-AF45-4AD2-88EA-659F5663A069} = {D1E2CE4D-D97A-4C04-BE47-3A2B4187784B}
		{E0C1616C-AF10-4D53-8B67-7D955D01D7BE} = {D1E2CE4D-D97A-4C04-BE47-3A2B4187784B}
		{86006FC9-A76E-4C66-8E73-BF0802ECACDC} = {D1E2CE4D-D97A-4C04-BE47-3A2B4187784B}
	EndGlobalSection
	GlobalSection(ExtensibilityGlobals) = postSolution
		SolutionGuid = {A5C47A14-B996-4828-919A-EB6F1E544959}
	EndGlobalSection
EndGlobal
